# @generated - this file is auto-generated by `mise lock` https://mise.jdx.dev/dev-tools/mise-lock.html

[[tools.python]]
version = "3.12.13"
backend = "core:python"

[tools.python."platforms.linux-arm64"]
checksum = "sha256:3fb2841e49c95c8eafa5354a9eb4c279af53e97859ac6b2b418a4fa291aa2700"
url = "https://github.com/astral-sh/python-build-standalone/releases/download/20260310/cpython-3.12.13+20260310-aarch64-unknown-linux-gnu-install_only_stripped.tar.gz"

[tools.python."platforms.linux-arm64-musl"]
checksum = "sha256:3fb2841e49c95c8eafa5354a9eb4c279af53e97859ac6b2b418a4fa291aa2700"
url = "https://github.com/astral-sh/python-build-standalone/releases/download/20260310/cpython-3.12.13+20260310-aarch64-unknown-linux-gnu-install_only_stripped.tar.gz"

[tools.python."platforms.linux-x64"]
checksum = "sha256:7e08911171bd1ea2af43ae9d54917d9b2179d2cba4057057e0fd3c8ac1469368"
url = "https://github.com/astral-sh/python-build-standalone/releases/download/20260310/cpython-3.12.13+20260310-x86_64-unknown-linux-gnu-install_only_stripped.tar.gz"

[tools.python."platforms.linux-x64-musl"]
checksum = "sha256:7e08911171bd1ea2af43ae9d54917d9b2179d2cba4057057e0fd3c8ac1469368"
url = "https://github.com/astral-sh/python-build-standalone/releases/download/20260310/cpython-3.12.13+20260310-x86_64-unknown-linux-gnu-install_only_stripped.tar.gz"

[tools.python."platforms.macos-arm64"]
checksum = "sha256:130e8e279f7ac2c98511af79c8215bb8a4705c23706a76fafce2f4eaa64560be"
url = "https://github.com/astral-sh/python-build-standalone/releases/download/20260310/cpython-3.12.13+20260310-aarch64-apple-darwin-install_only_stripped.tar.gz"

[tools.python."platforms.macos-x64"]
checksum = "sha256:6182bbafb4d7a6a8a8ca488471f8d37beeb96cf91ad47d157e2b054f392aa76f"
url = "https://github.com/astral-sh/python-build-standalone/releases/download/20260310/cpython-3.12.13+20260310-x86_64-apple-darwin-install_only_stripped.tar.gz"

[tools.python."platforms.windows-x64"]
checksum = "sha256:a814e8406b698ad491e1073717d644479e86abf34a3d5897b4d581381b4b8164"
url = "https://github.com/astral-sh/python-build-standalone/releases/download/20260310/cpython-3.12.13+20260310-x86_64-pc-windows-msvc-install_only_stripped.tar.gz"

[[tools.sops]]
version = "3.12.1"
backend = "aqua:getsops/sops"

[tools.sops."platforms.linux-arm64"]
checksum = "sha256:c7904d07bf1fb3ffdc329b0103ce70ff6a884aa7af7931427402bea0c09cc522"
url = "https://github.com/getsops/sops/releases/download/v3.12.1/sops-v3.12.1.linux.arm64"
provenance = "slsa"

[tools.sops."platforms.linux-arm64-musl"]
checksum = "sha256:c7904d07bf1fb3ffdc329b0103ce70ff6a884aa7af7931427402bea0c09cc522"
url = "https://github.com/getsops/sops/releases/download/v3.12.1/sops-v3.12.1.linux.arm64"
provenance = "slsa"

[tools.sops."platforms.linux-x64"]
checksum = "sha256:cf3136d20a6004405c986a48e179c3c7a731f777fbf105a37bd5dac5c9047100"
url = "https://github.com/getsops/sops/releases/download/v3.12.1/sops-v3.12.1.linux.amd64"
provenance = "slsa"

[tools.sops."platforms.linux-x64-musl"]
checksum = "sha256:cf3136d20a6004405c986a48e179c3c7a731f777fbf105a37bd5dac5c9047100"
url = "https://github.com/getsops/sops/releases/download/v3.12.1/sops-v3.12.1.linux.amd64"
provenance = "slsa"

[tools.sops."platforms.macos-arm64"]
checksum = "sha256:3a23c388e2d7b9beff306f4817d197698b1d9ddf01c10020470c94225435e901"
url = "https://github.com/getsops/sops/releases/download/v3.12.1/sops-v3.12.1.darwin.arm64"
provenance = "slsa"

[tools.sops."platforms.macos-x64"]
checksum = "sha256:d6d296499e08d62325d933e4572fe8b6b9b11d0c08ee00d09b518a2731814c7b"
url = "https://github.com/getsops/sops/releases/download/v3.12.1/sops-v3.12.1.darwin.amd64"
provenance = "slsa"

[tools.sops."platforms.windows-x64"]
checksum = "sha256:161eff06643ca77cc0585099e0888d04897827162fd62bdb79cc1bcff933330f"
url = "https://github.com/getsops/sops/releases/download/v3.12.1/sops-v3.12.1.amd64.exe"
provenance = "slsa"

[[tools.task]]
version = "3.49.1"
backend = "aqua:go-task/task"

[tools.task."platforms.linux-arm64"]
checksum = "sha256:aa6732c9c66397c5380ec2b60c070fd599075b2a8538dba03f3a21edc99ab0cb"
url = "https://github.com/go-task/task/releases/download/v3.49.1/task_linux_arm64.tar.gz"

[tools.task."platforms.linux-arm64-musl"]
checksum = "sha256:aa6732c9c66397c5380ec2b60c070fd599075b2a8538dba03f3a21edc99ab0cb"
url = "https://github.com/go-task/task/releases/download/v3.49.1/task_linux_arm64.tar.gz"

[tools.task."platforms.linux-x64"]
checksum = "sha256:4e7d24f1bf38218aec8f244eb7ba671f898830f9f87b3c9b30ff1c09e3135576"
url = "https://github.com/go-task/task/releases/download/v3.49.1/task_linux_amd64.tar.gz"

[tools.task."platforms.linux-x64-musl"]
checksum = "sha256:4e7d24f1bf38218aec8f244eb7ba671f898830f9f87b3c9b30ff1c09e3135576"
url = "https://github.com/go-task/task/releases/download/v3.49.1/task_linux_amd64.tar.gz"

[tools.task."platforms.macos-arm64"]
checksum = "sha256:0f556b66df69d53b790c7fd26bfab73543b4a5ce1767df6b2e8499619e2a205b"
url = "https://github.com/go-task/task/releases/download/v3.49.1/task_darwin_arm64.tar.gz"

[tools.task."platforms.macos-x64"]
checksum = "sha256:8bc4dd3baed1c71956ade0bb0a9c1b94e3ed7b65e7f2ff3aab13d0562c820e59"
url = "https://github.com/go-task/task/releases/download/v3.49.1/task_darwin_amd64.tar.gz"

[tools.task."platforms.windows-x64"]
checksum = "sha256:725c551f699d4d6c0dc57bd8148f72bef8d5b2fb650d9c985f271a61522fd521"
url = "https://github.com/go-task/task/releases/download/v3.49.1/task_windows_amd64.zip"
